
Microsoft Visual Studio Solution File, Format Version 12.00
# Visual Studio Version 17
VisualStudioVersion = 17.8.34525.116
MinimumVisualStudioVersion = 10.0.40219.1
Project("{FAE04EC0-301F-11D3-BF4B-00C04F79EFBC}") = "ConsoleAppArrayVenda", "ConsoleAppArrayVenda\ConsoleAppArrayVenda.csproj", "{AC277F21-68D0-4DEE-ABBC-664CBC6AD44B}"
EndProject
Global
	GlobalSection(SolutionConfigurationPlatforms) = preSolution
		Debug|Any CPU = Debug|Any CPU
		Release|Any CPU = Release|Any CPU
	EndGlobalSection
	GlobalSection(ProjectConfigurationPlatforms) = postSolution
		{AC277F21-68D0-4DEE-ABBC-664CBC6AD44B}.Debug|Any CPU.ActiveCfg = Debug|Any CPU
		{AC277F21-68D0-4DEE-ABBC-664CBC6AD44B}.Debug|Any CPU.Build.0 = Debug|Any CPU
		{AC277F21-68D0-4DEE-ABBC-664CBC6AD44B}.Release|Any CPU.ActiveCfg = Release|Any CPU
		{AC277F21-68D0-4DEE-ABBC-664CBC6AD44B}.Release|Any CPU.Build.0 = Release|Any CPU
	EndGlobalSection
	GlobalSection(SolutionProperties) = preSolution
		HideSolutionNode = FALSE
	EndGlobalSection
	GlobalSection(ExtensibilityGlobals) = postSolution
		SolutionGuid = {A03E9714-DC8D-4DB2-B9EF-3EC46B7267A6}
	EndGlobalSection
EndGlobal
